{
  "name": "place_meeting",
  "version": "1.0.0",
  "lockfileVersion": 2,
  "requires": true,
  "packages": {
    "": {
      "name": "place_meeting",
      "version": "1.0.0",
      "license": "ISC",
      "dependencies": {
        "sat": "^0.9.0"
      },
      "devDependencies": {
        "@timohausmann/quadtree-ts": "^2.0.0-beta.1"
      }
    },
    "node_modules/@timohausmann/quadtree-ts": {
      "version": "2.0.0-beta.1",
      "resolved": "https://registry.npmjs.org/@timohausmann/quadtree-ts/-/quadtree-ts-2.0.0-beta.1.tgz",
      "integrity": "sha512-zq8AnO1qoYM66OXkiC9d5wIIvNeHy3XIA0AwPtGRNkmX0uv9aktyyBRWzqPW/dZWMMkG4uLluer38QJc+QV/5w==",
      "dev": true
    },
    "node_modules/sat": {
      "version": "0.9.0",
      "resolved": "https://registry.npmjs.org/sat/-/sat-0.9.0.tgz",
      "integrity": "sha512-mxdv5RZJO4tdMnUURGU3gAMcnDUEwcNJwE+lPO0/V+rBeDvFLH3wEZEOR0fH7cTN0zQaNxBEbHnyQL9DzupwQQ=="
    }
  },
  "dependencies": {
    "@timohausmann/quadtree-ts": {
      "version": "2.0.0-beta.1",
      "resolved": "https://registry.npmjs.org/@timohausmann/quadtree-ts/-/quadtree-ts-2.0.0-beta.1.tgz",
      "integrity": "sha512-zq8AnO1qoYM66OXkiC9d5wIIvNeHy3XIA0AwPtGRNkmX0uv9aktyyBRWzqPW/dZWMMkG4uLluer38QJc+QV/5w==",
      "dev": true
    },
    "sat": {
      "version": "0.9.0",
      "resolved": "https://registry.npmjs.org/sat/-/sat-0.9.0.tgz",
      "integrity": "sha512-mxdv5RZJO4tdMnUURGU3gAMcnDUEwcNJwE+lPO0/V+rBeDvFLH3wEZEOR0fH7cTN0zQaNxBEbHnyQL9DzupwQQ=="
    }
  }
}
